
Microsoft Visual Studio Solution File, Format Version 12.00
# Visual Studio Version 16
VisualStudioVersion = 16.0.30330.147
MinimumVisualStudioVersion = 10.0.40219.1
Project("{FAE04EC0-301F-11D3-BF4B-00C04F79EFBC}") = "MsTeamsBot", "MsTeamsBot.csproj", "{28048CC1-9A9E-4E93-9E05-E20377140BB8}"
EndProject
Global
	GlobalSection(SolutionConfigurationPlatforms) = preSolution
		Debug|Any CPU = Debug|Any CPU
		Release|Any CPU = Release|Any CPU
	EndGlobalSection
	GlobalSection(ProjectConfigurationPlatforms) = postSolution
		{28048CC1-9A9E-4E93-9E05-E20377140BB8}.Debug|Any CPU.ActiveCfg = Debug|Any CPU
		{28048CC1-9A9E-4E93-9E05-E20377140BB8}.Debug|Any CPU.Build.0 = Debug|Any CPU
		{28048CC1-9A9E-4E93-9E05-E20377140BB8}.Release|Any CPU.ActiveCfg = Release|Any CPU
		{28048CC1-9A9E-4E93-9E05-E20377140BB8}.Release|Any CPU.Build.0 = Release|Any CPU
	EndGlobalSection
	GlobalSection(SolutionProperties) = preSolution
		HideSolutionNode = FALSE
	EndGlobalSection
	GlobalSection(ExtensibilityGlobals) = postSolution
		SolutionGuid = {38557F18-513A-4EA3-8104-C38B45559CC6}
	EndGlobalSection
EndGlobal
